
Microsoft Visual Studio Solution File, Format Version 11.00
# Visual Studio 2010
Project("{FAE04EC0-301F-11D3-BF4B-00C04F79EFBC}") = "ProjectExplorer", "ProjectExplorer.csproj", "{41ACE4AC-5995-4EBA-9A80-CD283A3F2EB3}"
EndProject
Global
	GlobalSection(SolutionConfigurationPlatforms) = preSolution
		Debug|Any CPU = Debug|Any CPU
		Release|Any CPU = Release|Any CPU
	EndGlobalSection
	GlobalSection(ProjectConfigurationPlatforms) = postSolution
		{41ACE4AC-5995-4EBA-9A80-CD283A3F2EB3}.Debug|Any CPU.ActiveCfg = Debug|Any CPU
		{41ACE4AC-5995-4EBA-9A80-CD283A3F2EB3}.Debug|Any CPU.Build.0 = Debug|Any CPU
		{41ACE4AC-5995-4EBA-9A80-CD283A3F2EB3}.Release|Any CPU.ActiveCfg = Release|Any CPU
		{41ACE4AC-5995-4EBA-9A80-CD283A3F2EB3}.Release|Any CPU.Build.0 = Release|Any CPU
	EndGlobalSection
	GlobalSection(SolutionProperties) = preSolution
		HideSolutionNode = FALSE
	EndGlobalSection
EndGlobal
